// !$*UTF8*$!
{
	archiveVersion = 1;
	classes = {
	};
	objectVersion = 77;
	objects = {

/* Begin PBXBuildFile section */
		9EAED4592DF3563000A064B4 /* MLXLLM in Frameworks */ = {isa = PBXBuildFile; productRef = 9EAED4582DF3563000A064B4 /* MLXLLM */; };
		9EAED45B2DF3563000A064B4 /* MLXLMCommon in Frameworks */ = {isa = PBXBuildFile; productRef = 9EAED45A2DF3563000A064B4 /* MLXLMCommon */; };
		9EAED45D2DF3563000A064B4 /* MLXMNIST in Frameworks */ = {isa = PBXBuildFile; productRef = 9EAED45C2DF3563000A064B4 /* MLXMNIST */; };
		9EAED45F2DF3563000A064B4 /* MLXVLM in Frameworks */ = {isa = PBXBuildFile; productRef = 9EAED45E2DF3563000A064B4 /* MLXVLM */; };
		9EAED4612DF3563000A064B4 /* StableDiffusion in Frameworks */ = {isa = PBXBuildFile; productRef = 9EAED4602DF3563000A064B4 /* StableDiffusion */; };
		9EAED4852DF35AB600A064B4 /* Defaults in Frameworks */ = {isa = PBXBuildFile; productRef = 9EAED4842DF35AB600A064B4 /* Defaults */; };
		9EAED49E2DF3661600A064B4 /* MarkdownUI in Frameworks */ = {isa = PBXBuildFile; productRef = 9EAED49D2DF3661600A064B4 /* MarkdownUI */; };
		9EAED4A12DF3666B00A064B4 /* ViewCondition in Frameworks */ = {isa = PBXBuildFile; productRef = 9EAED4A02DF3666B00A064B4 /* ViewCondition */; };
		9EC0C92F2DF4CE6900C79EF9 /* OllamaKit in Frameworks */ = {isa = PBXBuildFile; productRef = 9EC0C92E2DF4CE6900C79EF9 /* OllamaKit */; };
/* End PBXBuildFile section */

/* Begin PBXFileReference section */
		9EAED43D2DF3543200A064B4 /* ReyaReboot.app */ = {isa = PBXFileReference; explicitFileType = wrapper.application; includeInIndex = 0; path = ReyaReboot.app; sourceTree = BUILT_PRODUCTS_DIR; };
/* End PBXFileReference section */

/* Begin PBXFileSystemSynchronizedRootGroup section */
		9EAED43F2DF3543200A064B4 /* ReyaReboot */ = {
			isa = PBXFileSystemSynchronizedRootGroup;
			path = ReyaReboot;
			sourceTree = "<group>";
		};
/* End PBXFileSystemSynchronizedRootGroup section */

/* Begin PBXFrameworksBuildPhase section */
		9EAED43A2DF3543200A064B4 /* Frameworks */ = {
			isa = PBXFrameworksBuildPhase;
			buildActionMask = 2147483647;
			files = (
				9EAED4852DF35AB600A064B4 /* Defaults in Frameworks */,
				9EAED49E2DF3661600A064B4 /* MarkdownUI in Frameworks */,
				9EAED45D2DF3563000A064B4 /* MLXMNIST in Frameworks */,
				9EAED45B2DF3563000A064B4 /* MLXLMCommon in Frameworks */,
				9EAED45F2DF3563000A064B4 /* MLXVLM in Frameworks */,
				9EC0C92F2DF4CE6900C79EF9 /* OllamaKit in Frameworks */,
				9EAED4592DF3563000A064B4 /* MLXLLM in Frameworks */,
				9EAED4612DF3563000A064B4 /* StableDiffusion in Frameworks */,
				9EAED4A12DF3666B00A064B4 /* ViewCondition in Frameworks */,
			);
			runOnlyForDeploymentPostprocessing = 0;
		};
/* End PBXFrameworksBuildPhase section */

/* Begin PBXGroup section */
		9EAED4342DF3543200A064B4 = {
			isa = PBXGroup;
			children = (
				9EAED43F2DF3543200A064B4 /* ReyaReboot */,
				9EAED43E2DF3543200A064B4 /* Products */,
			);
			sourceTree = "<group>";
		};
		9EAED43E2DF3543200A064B4 /* Products */ = {
			isa = PBXGroup;
			children = (
				9EAED43D2DF3543200A064B4 /* ReyaReboot.app */,
			);
			name = Products;
			sourceTree = "<group>";
		};
/* End PBXGroup section */

/* Begin PBXNativeTarget section */
		9EAED43C2DF3543200A064B4 /* ReyaReboot */ = {
			isa = PBXNativeTarget;
			buildConfigurationList = 9EAED44B2DF3543300A064B4 /* Build configuration list for PBXNativeTarget "ReyaReboot" */;
			buildPhases = (
				9EAED4392DF3543200A064B4 /* Sources */,
				9EAED43A2DF3543200A064B4 /* Frameworks */,
				9EAED43B2DF3543200A064B4 /* Resources */,
			);
			buildRules = (
			);
			dependencies = (
			);
			fileSystemSynchronizedGroups = (
				9EAED43F2DF3543200A064B4 /* ReyaReboot */,
			);
			name = ReyaReboot;
			packageProductDependencies = (
				9EAED4582DF3563000A064B4 /* MLXLLM */,
				9EAED45A2DF3563000A064B4 /* MLXLMCommon */,
				9EAED45C2DF3563000A064B4 /* MLXMNIST */,
				9EAED45E2DF3563000A064B4 /* MLXVLM */,
				9EAED4602DF3563000A064B4 /* StableDiffusion */,
				9EAED4842DF35AB600A064B4 /* Defaults */,
				9EAED49D2DF3661600A064B4 /* MarkdownUI */,
				9EAED4A02DF3666B00A064B4 /* ViewCondition */,
				9EC0C92E2DF4CE6900C79EF9 /* OllamaKit */,
			);
			productName = ReyaMLX;
			productReference = 9EAED43D2DF3543200A064B4 /* ReyaReboot.app */;
			productType = "com.apple.product-type.application";
		};
/* End PBXNativeTarget section */

/* Begin PBXProject section */
		9EAED4352DF3543200A064B4 /* Project object */ = {
			isa = PBXProject;
			attributes = {
				BuildIndependentTargetsInParallel = 1;
				LastSwiftUpdateCheck = 1630;
				LastUpgradeCheck = 1630;
				TargetAttributes = {
					9EAED43C2DF3543200A064B4 = {
						CreatedOnToolsVersion = 16.3;
					};
				};
			};
			buildConfigurationList = 9EAED4382DF3543200A064B4 /* Build configuration list for PBXProject "ReyaReboot" */;
			developmentRegion = en;
			hasScannedForEncodings = 0;
			knownRegions = (
				en,
				Base,
			);
			mainGroup = 9EAED4342DF3543200A064B4;
			minimizedProjectReferenceProxies = 1;
			packageReferences = (
				9EAED4572DF3563000A064B4 /* XCRemoteSwiftPackageReference "mlx-swift-examples" */,
				9EAED4832DF35AB600A064B4 /* XCRemoteSwiftPackageReference "Defaults" */,
				9EAED49C2DF3661600A064B4 /* XCRemoteSwiftPackageReference "swift-markdown-ui" */,
				9EAED49F2DF3666B00A064B4 /* XCRemoteSwiftPackageReference "ViewCondition" */,
				9EC0C92D2DF4CE6900C79EF9 /* XCRemoteSwiftPackageReference "OllamaKit" */,
			);
			preferredProjectObjectVersion = 77;
			productRefGroup = 9EAED43E2DF3543200A064B4 /* Products */;
			projectDirPath = "";
			projectRoot = "";
			targets = (
				9EAED43C2DF3543200A064B4 /* ReyaReboot */,
			);
		};
/* End PBXProject section */

/* Begin PBXResourcesBuildPhase section */
		9EAED43B2DF3543200A064B4 /* Resources */ = {
			isa = PBXResourcesBuildPhase;
			buildActionMask = 2147483647;
			files = (
			);
			runOnlyForDeploymentPostprocessing = 0;
		};
/* End PBXResourcesBuildPhase section */

/* Begin PBXSourcesBuildPhase section */
		9EAED4392DF3543200A064B4 /* Sources */ = {
			isa = PBXSourcesBuildPhase;
			buildActionMask = 2147483647;
			files = (
			);
			runOnlyForDeploymentPostprocessing = 0;
		};
/* End PBXSourcesBuildPhase section */

/* Begin XCBuildConfiguration section */
		9EAED4492DF3543300A064B4 /* Debug */ = {
			isa = XCBuildConfiguration;
			buildSettings = {
				ALWAYS_SEARCH_USER_PATHS = NO;
				ASSETCATALOG_COMPILER_GENERATE_SWIFT_ASSET_SYMBOL_EXTENSIONS = YES;
				CLANG_ANALYZER_NONNULL = YES;
				CLANG_ANALYZER_NUMBER_OBJECT_CONVERSION = YES_AGGRESSIVE;
				CLANG_CXX_LANGUAGE_STANDARD = "gnu++20";
				CLANG_ENABLE_MODULES = YES;
				CLANG_ENABLE_OBJC_ARC = YES;
				CLANG_ENABLE_OBJC_WEAK = YES;
				CLANG_WARN_BLOCK_CAPTURE_AUTORELEASING = YES;
				CLANG_WARN_BOOL_CONVERSION = YES;
				CLANG_WARN_COMMA = YES;
				CLANG_WARN_CONSTANT_CONVERSION = YES;
				CLANG_WARN_DEPRECATED_OBJC_IMPLEMENTATIONS = YES;
				CLANG_WARN_DIRECT_OBJC_ISA_USAGE = YES_ERROR;
				CLANG_WARN_DOCUMENTATION_COMMENTS = YES;
				CLANG_WARN_EMPTY_BODY = YES;
				CLANG_WARN_ENUM_CONVERSION = YES;
				CLANG_WARN_INFINITE_RECURSION = YES;
				CLANG_WARN_INT_CONVERSION = YES;
				CLANG_WARN_NON_LITERAL_NULL_CONVERSION = YES;
				CLANG_WARN_OBJC_IMPLICIT_RETAIN_SELF = YES;
				CLANG_WARN_OBJC_LITERAL_CONVERSION = YES;
				CLANG_WARN_OBJC_ROOT_CLASS = YES_ERROR;
				CLANG_WARN_QUOTED_INCLUDE_IN_FRAMEWORK_HEADER = YES;
				CLANG_WARN_RANGE_LOOP_ANALYSIS = YES;
				CLANG_WARN_STRICT_PROTOTYPES = YES;
				CLANG_WARN_SUSPICIOUS_MOVE = YES;
				CLANG_WARN_UNGUARDED_AVAILABILITY = YES_AGGRESSIVE;
				CLANG_WARN_UNREACHABLE_CODE = YES;
				CLANG_WARN__DUPLICATE_METHOD_MATCH = YES;
				COPY_PHASE_STRIP = NO;
				DEBUG_INFORMATION_FORMAT = dwarf;
				DEVELOPMENT_TEAM = S925RQEG9N;
				ENABLE_STRICT_OBJC_MSGSEND = YES;
				ENABLE_TESTABILITY = YES;
				ENABLE_USER_SCRIPT_SANDBOXING = YES;
				GCC_C_LANGUAGE_STANDARD = gnu17;
				GCC_DYNAMIC_NO_PIC = NO;
				GCC_NO_COMMON_BLOCKS = YES;
				GCC_OPTIMIZATION_LEVEL = 0;
				GCC_PREPROCESSOR_DEFINITIONS = (
					"DEBUG=1",
					"$(inherited)",
				);
				GCC_WARN_64_TO_32_BIT_CONVERSION = YES;
				GCC_WARN_ABOUT_RETURN_TYPE = YES_ERROR;
				GCC_WARN_UNDECLARED_SELECTOR = YES;
				GCC_WARN_UNINITIALIZED_AUTOS = YES_AGGRESSIVE;
				GCC_WARN_UNUSED_FUNCTION = YES;
				GCC_WARN_UNUSED_VARIABLE = YES;
				LOCALIZATION_PREFERS_STRING_CATALOGS = YES;
				MACOSX_DEPLOYMENT_TARGET = 15.4;
				MTL_ENABLE_DEBUG_INFO = INCLUDE_SOURCE;
				MTL_FAST_MATH = YES;
				ONLY_ACTIVE_ARCH = YES;
				SDKROOT = macosx;
				SWIFT_ACTIVE_COMPILATION_CONDITIONS = "DEBUG $(inherited)";
				SWIFT_OPTIMIZATION_LEVEL = "-Onone";
			};
			name = Debug;
		};
		9EAED44A2DF3543300A064B4 /* Release */ = {
			isa = XCBuildConfiguration;
			buildSettings = {
				ALWAYS_SEARCH_USER_PATHS = NO;
				ASSETCATALOG_COMPILER_GENERATE_SWIFT_ASSET_SYMBOL_EXTENSIONS = YES;
				CLANG_ANALYZER_NONNULL = YES;
				CLANG_ANALYZER_NUMBER_OBJECT_CONVERSION = YES_AGGRESSIVE;
				CLANG_CXX_LANGUAGE_STANDARD = "gnu++20";
				CLANG_ENABLE_MODULES = YES;
				CLANG_ENABLE_OBJC_ARC = YES;
				CLANG_ENABLE_OBJC_WEAK = YES;
				CLANG_WARN_BLOCK_CAPTURE_AUTORELEASING = YES;
				CLANG_WARN_BOOL_CONVERSION = YES;
				CLANG_WARN_COMMA = YES;
				CLANG_WARN_CONSTANT_CONVERSION = YES;
				CLANG_WARN_DEPRECATED_OBJC_IMPLEMENTATIONS = YES;
				CLANG_WARN_DIRECT_OBJC_ISA_USAGE = YES_ERROR;
				CLANG_WARN_DOCUMENTATION_COMMENTS = YES;
				CLANG_WARN_EMPTY_BODY = YES;
				CLANG_WARN_ENUM_CONVERSION = YES;
				CLANG_WARN_INFINITE_RECURSION = YES;
				CLANG_WARN_INT_CONVERSION = YES;
				CLANG_WARN_NON_LITERAL_NULL_CONVERSION = YES;
				CLANG_WARN_OBJC_IMPLICIT_RETAIN_SELF = YES;
				CLANG_WARN_OBJC_LITERAL_CONVERSION = YES;
				CLANG_WARN_OBJC_ROOT_CLASS = YES_ERROR;
				CLANG_WARN_QUOTED_INCLUDE_IN_FRAMEWORK_HEADER = YES;
				CLANG_WARN_RANGE_LOOP_ANALYSIS = YES;
				CLANG_WARN_STRICT_PROTOTYPES = YES;
				CLANG_WARN_SUSPICIOUS_MOVE = YES;
				CLANG_WARN_UNGUARDED_AVAILABILITY = YES_AGGRESSIVE;
				CLANG_WARN_UNREACHABLE_CODE = YES;
				CLANG_WARN__DUPLICATE_METHOD_MATCH = YES;
				COPY_PHASE_STRIP = NO;
				DEBUG_INFORMATION_FORMAT = "dwarf-with-dsym";
				DEVELOPMENT_TEAM = S925RQEG9N;
				ENABLE_NS_ASSERTIONS = NO;
				ENABLE_STRICT_OBJC_MSGSEND = YES;
				ENABLE_USER_SCRIPT_SANDBOXING = YES;
				GCC_C_LANGUAGE_STANDARD = gnu17;
				GCC_NO_COMMON_BLOCKS = YES;
				GCC_WARN_64_TO_32_BIT_CONVERSION = YES;
				GCC_WARN_ABOUT_RETURN_TYPE = YES_ERROR;
				GCC_WARN_UNDECLARED_SELECTOR = YES;
				GCC_WARN_UNINITIALIZED_AUTOS = YES_AGGRESSIVE;
				GCC_WARN_UNUSED_FUNCTION = YES;
				GCC_WARN_UNUSED_VARIABLE = YES;
				LOCALIZATION_PREFERS_STRING_CATALOGS = YES;
				MACOSX_DEPLOYMENT_TARGET = 15.4;
				MTL_ENABLE_DEBUG_INFO = NO;
				MTL_FAST_MATH = YES;
				SDKROOT = macosx;
				SWIFT_COMPILATION_MODE = wholemodule;
			};
			name = Release;
		};
		9EAED44C2DF3543300A064B4 /* Debug */ = {
			isa = XCBuildConfiguration;
			buildSettings = {
				ASSETCATALOG_COMPILER_APPICON_NAME = AppIcon;
				ASSETCATALOG_COMPILER_GLOBAL_ACCENT_COLOR_NAME = AccentColor;
				CODE_SIGN_ENTITLEMENTS = ReyaReboot/ReyaReboot.entitlements;
				"CODE_SIGN_IDENTITY[sdk=macosx*]" = "Apple Development";
				CODE_SIGN_STYLE = Automatic;
				COMBINE_HIDPI_IMAGES = YES;
				CURRENT_PROJECT_VERSION = 1;
				DEVELOPMENT_TEAM = S925RQEG9N;
				ENABLE_HARDENED_RUNTIME = YES;
				ENABLE_PREVIEWS = YES;
				GENERATE_INFOPLIST_FILE = YES;
				INFOPLIST_KEY_CFBundleDisplayName = Reya;
				INFOPLIST_KEY_LSApplicationCategoryType = "public.app-category.utilities";
				INFOPLIST_KEY_NSHumanReadableCopyright = "";
				LD_RUNPATH_SEARCH_PATHS = (
					"$(inherited)",
					"@executable_path/../Frameworks",
				);
				MACOSX_DEPLOYMENT_TARGET = 15.0;
				MARKETING_VERSION = 1.0;
				PRODUCT_BUNDLE_IDENTIFIER = zohar.ReyaReboot;
				PRODUCT_NAME = "$(TARGET_NAME)";
				REGISTER_APP_GROUPS = YES;
				SWIFT_EMIT_LOC_STRINGS = YES;
				SWIFT_VERSION = 5.0;
			};
			name = Debug;
		};
		9EAED44D2DF3543300A064B4 /* Release */ = {
			isa = XCBuildConfiguration;
			buildSettings = {
				ASSETCATALOG_COMPILER_APPICON_NAME = AppIcon;
				ASSETCATALOG_COMPILER_GLOBAL_ACCENT_COLOR_NAME = AccentColor;
				CODE_SIGN_ENTITLEMENTS = ReyaReboot/ReyaReboot.entitlements;
				"CODE_SIGN_IDENTITY[sdk=macosx*]" = "Apple Development";
				CODE_SIGN_STYLE = Automatic;
				COMBINE_HIDPI_IMAGES = YES;
				CURRENT_PROJECT_VERSION = 1;
				DEVELOPMENT_TEAM = S925RQEG9N;
				ENABLE_HARDENED_RUNTIME = YES;
				ENABLE_PREVIEWS = YES;
				GENERATE_INFOPLIST_FILE = YES;
				INFOPLIST_KEY_CFBundleDisplayName = Reya;
				INFOPLIST_KEY_LSApplicationCategoryType = "public.app-category.utilities";
				INFOPLIST_KEY_NSHumanReadableCopyright = "";
				LD_RUNPATH_SEARCH_PATHS = (
					"$(inherited)",
					"@executable_path/../Frameworks",
				);
				MACOSX_DEPLOYMENT_TARGET = 15.0;
				MARKETING_VERSION = 1.0;
				PRODUCT_BUNDLE_IDENTIFIER = zohar.ReyaReboot;
				PRODUCT_NAME = "$(TARGET_NAME)";
				REGISTER_APP_GROUPS = YES;
				SWIFT_EMIT_LOC_STRINGS = YES;
				SWIFT_VERSION = 5.0;
			};
			name = Release;
		};
/* End XCBuildConfiguration section */

/* Begin XCConfigurationList section */
		9EAED4382DF3543200A064B4 /* Build configuration list for PBXProject "ReyaReboot" */ = {
			isa = XCConfigurationList;
			buildConfigurations = (
				9EAED4492DF3543300A064B4 /* Debug */,
				9EAED44A2DF3543300A064B4 /* Release */,
			);
			defaultConfigurationIsVisible = 0;
			defaultConfigurationName = Release;
		};
		9EAED44B2DF3543300A064B4 /* Build configuration list for PBXNativeTarget "ReyaReboot" */ = {
			isa = XCConfigurationList;
			buildConfigurations = (
				9EAED44C2DF3543300A064B4 /* Debug */,
				9EAED44D2DF3543300A064B4 /* Release */,
			);
			defaultConfigurationIsVisible = 0;
			defaultConfigurationName = Release;
		};
/* End XCConfigurationList section */

/* Begin XCRemoteSwiftPackageReference section */
		9EAED4572DF3563000A064B4 /* XCRemoteSwiftPackageReference "mlx-swift-examples" */ = {
			isa = XCRemoteSwiftPackageReference;
			repositoryURL = "https://github.com/ml-explore/mlx-swift-examples/";
			requirement = {
				branch = main;
				kind = branch;
			};
		};
		9EAED4832DF35AB600A064B4 /* XCRemoteSwiftPackageReference "Defaults" */ = {
			isa = XCRemoteSwiftPackageReference;
			repositoryURL = "https://github.com/sindresorhus/Defaults";
			requirement = {
				kind = upToNextMajorVersion;
				minimumVersion = 9.0.3;
			};
		};
		9EAED49C2DF3661600A064B4 /* XCRemoteSwiftPackageReference "swift-markdown-ui" */ = {
			isa = XCRemoteSwiftPackageReference;
			repositoryURL = "https://github.com/gonzalezreal/swift-markdown-ui";
			requirement = {
				kind = upToNextMajorVersion;
				minimumVersion = 2.4.1;
			};
		};
		9EAED49F2DF3666B00A064B4 /* XCRemoteSwiftPackageReference "ViewCondition" */ = {
			isa = XCRemoteSwiftPackageReference;
			repositoryURL = "https://github.com/kevinhermawan/ViewCondition";
			requirement = {
				kind = upToNextMajorVersion;
				minimumVersion = 2.0.1;
			};
		};
		9EC0C92D2DF4CE6900C79EF9 /* XCRemoteSwiftPackageReference "OllamaKit" */ = {
			isa = XCRemoteSwiftPackageReference;
			repositoryURL = "https://github.com/kevinhermawan/OllamaKit.git";
			requirement = {
				kind = upToNextMajorVersion;
				minimumVersion = 5.0.8;
			};
		};
/* End XCRemoteSwiftPackageReference section */

/* Begin XCSwiftPackageProductDependency section */
		9EAED4582DF3563000A064B4 /* MLXLLM */ = {
			isa = XCSwiftPackageProductDependency;
			package = 9EAED4572DF3563000A064B4 /* XCRemoteSwiftPackageReference "mlx-swift-examples" */;
			productName = MLXLLM;
		};
		9EAED45A2DF3563000A064B4 /* MLXLMCommon */ = {
			isa = XCSwiftPackageProductDependency;
			package = 9EAED4572DF3563000A064B4 /* XCRemoteSwiftPackageReference "mlx-swift-examples" */;
			productName = MLXLMCommon;
		};
		9EAED45C2DF3563000A064B4 /* MLXMNIST */ = {
			isa = XCSwiftPackageProductDependency;
			package = 9EAED4572DF3563000A064B4 /* XCRemoteSwiftPackageReference "mlx-swift-examples" */;
			productName = MLXMNIST;
		};
		9EAED45E2DF3563000A064B4 /* MLXVLM */ = {
			isa = XCSwiftPackageProductDependency;
			package = 9EAED4572DF3563000A064B4 /* XCRemoteSwiftPackageReference "mlx-swift-examples" */;
			productName = MLXVLM;
		};
		9EAED4602DF3563000A064B4 /* StableDiffusion */ = {
			isa = XCSwiftPackageProductDependency;
			package = 9EAED4572DF3563000A064B4 /* XCRemoteSwiftPackageReference "mlx-swift-examples" */;
			productName = StableDiffusion;
		};
		9EAED4842DF35AB600A064B4 /* Defaults */ = {
			isa = XCSwiftPackageProductDependency;
			package = 9EAED4832DF35AB600A064B4 /* XCRemoteSwiftPackageReference "Defaults" */;
			productName = Defaults;
		};
		9EAED49D2DF3661600A064B4 /* MarkdownUI */ = {
			isa = XCSwiftPackageProductDependency;
			package = 9EAED49C2DF3661600A064B4 /* XCRemoteSwiftPackageReference "swift-markdown-ui" */;
			productName = MarkdownUI;
		};
		9EAED4A02DF3666B00A064B4 /* ViewCondition */ = {
			isa = XCSwiftPackageProductDependency;
			package = 9EAED49F2DF3666B00A064B4 /* XCRemoteSwiftPackageReference "ViewCondition" */;
			productName = ViewCondition;
		};
		9EC0C92E2DF4CE6900C79EF9 /* OllamaKit */ = {
			isa = XCSwiftPackageProductDependency;
			package = 9EC0C92D2DF4CE6900C79EF9 /* XCRemoteSwiftPackageReference "OllamaKit" */;
			productName = OllamaKit;
		};
/* End XCSwiftPackageProductDependency section */
	};
	rootObject = 9EAED4352DF3543200A064B4 /* Project object */;
}
